
Microsoft Visual Studio Solution File, Format Version 12.00
# Visual Studio Version 16
VisualStudioVersion = 16.0.30907.101
MinimumVisualStudioVersion = 10.0.40219.1
Project("{FAE04EC0-301F-11D3-BF4B-00C04F79EFBC}") = "Pert", "WPF\Pert.csproj", "{4711BED0-3418-4FB0-BA2D-6AA5596F8F51}"
EndProject
Project("{7CF6DF6D-3B04-46F8-A40B-537D21BCA0B4}") = "Sandcastle", "WPF\Sandcastle.shfbproj", "{AEDBEF07-B150-4541-9822-71464B957A85}"
EndProject
Project("{00D1A9C2-B5F0-4AF3-8072-F6C62B433612}") = "PertDB", "PertDB\PertDB.sqlproj", "{D7C97759-3478-45B5-824D-8B76B037575E}"
EndProject
Project("{FAE04EC0-301F-11D3-BF4B-00C04F79EFBC}") = "PertTest", "PertTest\PertTest.csproj", "{B7C33A50-D163-434F-B250-F3DD325F3C33}"
EndProject
Global
	GlobalSection(SolutionConfigurationPlatforms) = preSolution
		Appveyor|Any CPU = Appveyor|Any CPU
		Appveyor|x64 = Appveyor|x64
		Debug|Any CPU = Debug|Any CPU
		Debug|x64 = Debug|x64
		Release|Any CPU = Release|Any CPU
		Release|x64 = Release|x64
	EndGlobalSection
	GlobalSection(ProjectConfigurationPlatforms) = postSolution
		{4711BED0-3418-4FB0-BA2D-6AA5596F8F51}.Appveyor|Any CPU.ActiveCfg = Appveyor|Any CPU
		{4711BED0-3418-4FB0-BA2D-6AA5596F8F51}.Appveyor|Any CPU.Build.0 = Appveyor|Any CPU
		{4711BED0-3418-4FB0-BA2D-6AA5596F8F51}.Appveyor|x64.ActiveCfg = Appveyor|x64
		{4711BED0-3418-4FB0-BA2D-6AA5596F8F51}.Appveyor|x64.Build.0 = Appveyor|x64
		{4711BED0-3418-4FB0-BA2D-6AA5596F8F51}.Debug|Any CPU.ActiveCfg = Debug|Any CPU
		{4711BED0-3418-4FB0-BA2D-6AA5596F8F51}.Debug|Any CPU.Build.0 = Debug|Any CPU
		{4711BED0-3418-4FB0-BA2D-6AA5596F8F51}.Debug|x64.ActiveCfg = Debug|x64
		{4711BED0-3418-4FB0-BA2D-6AA5596F8F51}.Debug|x64.Build.0 = Debug|x64
		{4711BED0-3418-4FB0-BA2D-6AA5596F8F51}.Release|Any CPU.ActiveCfg = Release|Any CPU
		{4711BED0-3418-4FB0-BA2D-6AA5596F8F51}.Release|Any CPU.Build.0 = Release|Any CPU
		{4711BED0-3418-4FB0-BA2D-6AA5596F8F51}.Release|x64.ActiveCfg = Release|x64
		{4711BED0-3418-4FB0-BA2D-6AA5596F8F51}.Release|x64.Build.0 = Release|x64
		{AEDBEF07-B150-4541-9822-71464B957A85}.Appveyor|Any CPU.ActiveCfg = Appveyor|Any CPU
		{AEDBEF07-B150-4541-9822-71464B957A85}.Appveyor|Any CPU.Build.0 = Appveyor|Any CPU
		{AEDBEF07-B150-4541-9822-71464B957A85}.Appveyor|x64.ActiveCfg = Appveyor|Any CPU
		{AEDBEF07-B150-4541-9822-71464B957A85}.Debug|Any CPU.ActiveCfg = Debug|Any CPU
		{AEDBEF07-B150-4541-9822-71464B957A85}.Debug|Any CPU.Build.0 = Debug|Any CPU
		{AEDBEF07-B150-4541-9822-71464B957A85}.Debug|x64.ActiveCfg = Debug|Any CPU
		{AEDBEF07-B150-4541-9822-71464B957A85}.Debug|x64.Build.0 = Debug|Any CPU
		{AEDBEF07-B150-4541-9822-71464B957A85}.Release|Any CPU.ActiveCfg = Release|Any CPU
		{AEDBEF07-B150-4541-9822-71464B957A85}.Release|Any CPU.Build.0 = Release|Any CPU
		{AEDBEF07-B150-4541-9822-71464B957A85}.Release|x64.ActiveCfg = Release|Any CPU
		{AEDBEF07-B150-4541-9822-71464B957A85}.Release|x64.Build.0 = Release|Any CPU
		{D7C97759-3478-45B5-824D-8B76B037575E}.Appveyor|Any CPU.ActiveCfg = Appveyor|Any CPU
		{D7C97759-3478-45B5-824D-8B76B037575E}.Appveyor|Any CPU.Build.0 = Appveyor|Any CPU
		{D7C97759-3478-45B5-824D-8B76B037575E}.Appveyor|Any CPU.Deploy.0 = Appveyor|Any CPU
		{D7C97759-3478-45B5-824D-8B76B037575E}.Appveyor|x64.ActiveCfg = Appveyor|x64
		{D7C97759-3478-45B5-824D-8B76B037575E}.Appveyor|x64.Deploy.0 = Appveyor|x64
		{D7C97759-3478-45B5-824D-8B76B037575E}.Debug|Any CPU.ActiveCfg = Debug|Any CPU
		{D7C97759-3478-45B5-824D-8B76B037575E}.Debug|Any CPU.Build.0 = Debug|Any CPU
		{D7C97759-3478-45B5-824D-8B76B037575E}.Debug|Any CPU.Deploy.0 = Debug|Any CPU
		{D7C97759-3478-45B5-824D-8B76B037575E}.Debug|x64.ActiveCfg = Debug|x64
		{D7C97759-3478-45B5-824D-8B76B037575E}.Debug|x64.Build.0 = Debug|x64
		{D7C97759-3478-45B5-824D-8B76B037575E}.Debug|x64.Deploy.0 = Debug|x64
		{D7C97759-3478-45B5-824D-8B76B037575E}.Release|Any CPU.ActiveCfg = Release|Any CPU
		{D7C97759-3478-45B5-824D-8B76B037575E}.Release|Any CPU.Build.0 = Release|Any CPU
		{D7C97759-3478-45B5-824D-8B76B037575E}.Release|Any CPU.Deploy.0 = Release|Any CPU
		{D7C97759-3478-45B5-824D-8B76B037575E}.Release|x64.ActiveCfg = Release|x64
		{D7C97759-3478-45B5-824D-8B76B037575E}.Release|x64.Build.0 = Release|x64
		{D7C97759-3478-45B5-824D-8B76B037575E}.Release|x64.Deploy.0 = Release|x64
		{B7C33A50-D163-434F-B250-F3DD325F3C33}.Appveyor|Any CPU.ActiveCfg = Appveyor|Any CPU
		{B7C33A50-D163-434F-B250-F3DD325F3C33}.Appveyor|Any CPU.Build.0 = Appveyor|Any CPU
		{B7C33A50-D163-434F-B250-F3DD325F3C33}.Appveyor|x64.ActiveCfg = Appveyor|x64
		{B7C33A50-D163-434F-B250-F3DD325F3C33}.Appveyor|x64.Build.0 = Appveyor|x64
		{B7C33A50-D163-434F-B250-F3DD325F3C33}.Debug|Any CPU.ActiveCfg = Debug|Any CPU
		{B7C33A50-D163-434F-B250-F3DD325F3C33}.Debug|Any CPU.Build.0 = Debug|Any CPU
		{B7C33A50-D163-434F-B250-F3DD325F3C33}.Debug|x64.ActiveCfg = Debug|x64
		{B7C33A50-D163-434F-B250-F3DD325F3C33}.Debug|x64.Build.0 = Debug|x64
		{B7C33A50-D163-434F-B250-F3DD325F3C33}.Release|Any CPU.ActiveCfg = Release|Any CPU
		{B7C33A50-D163-434F-B250-F3DD325F3C33}.Release|Any CPU.Build.0 = Release|Any CPU
		{B7C33A50-D163-434F-B250-F3DD325F3C33}.Release|x64.ActiveCfg = Release|x64
		{B7C33A50-D163-434F-B250-F3DD325F3C33}.Release|x64.Build.0 = Release|x64
	EndGlobalSection
	GlobalSection(SolutionProperties) = preSolution
		HideSolutionNode = FALSE
	EndGlobalSection
	GlobalSection(ExtensibilityGlobals) = postSolution
		SolutionGuid = {959F2E43-27E4-4DD2-8661-F8D59ED2F069}
	EndGlobalSection
EndGlobal
