
Microsoft Visual Studio Solution File, Format Version 12.00
# Visual Studio Version 16
VisualStudioVersion = 16.0.30907.101
MinimumVisualStudioVersion = 10.0.40219.1
Project("{FAE04EC0-301F-11D3-BF4B-00C04F79EFBC}") = "PERT", "PERT\PERT.csproj", "{235AE66B-9EF2-493A-92E1-84267723A0C9}"
EndProject
Global
	GlobalSection(SolutionConfigurationPlatforms) = preSolution
		Debug|Any CPU = Debug|Any CPU
		Release|Any CPU = Release|Any CPU
	EndGlobalSection
	GlobalSection(ProjectConfigurationPlatforms) = postSolution
		{235AE66B-9EF2-493A-92E1-84267723A0C9}.Debug|Any CPU.ActiveCfg = Debug|Any CPU
		{235AE66B-9EF2-493A-92E1-84267723A0C9}.Debug|Any CPU.Build.0 = Debug|Any CPU
		{235AE66B-9EF2-493A-92E1-84267723A0C9}.Release|Any CPU.ActiveCfg = Release|Any CPU
		{235AE66B-9EF2-493A-92E1-84267723A0C9}.Release|Any CPU.Build.0 = Release|Any CPU
	EndGlobalSection
	GlobalSection(SolutionProperties) = preSolution
		HideSolutionNode = FALSE
	EndGlobalSection
	GlobalSection(ExtensibilityGlobals) = postSolution
		SolutionGuid = {959F2E43-27E4-4DD2-8661-F8D59ED2F069}
	EndGlobalSection
EndGlobal
